
Microsoft Visual Studio Solution File, Format Version 12.00
# Visual Studio Version 17
VisualStudioVersion = 17.14.36310.24 d17.14
MinimumVisualStudioVersion = 10.0.40219.1
Project("{F184B08F-C81C-45F6-A57F-5ABD9991F28F}") = "HOSPITALITY", "HOSPITALITY\HOSPITALITY.vbproj", "{3C2ABDF3-A63F-4984-A27A-F122590773BE}"
	ProjectSection(ProjectDependencies) = postProject
		{60113213-EC53-4E5E-9A50-846AF9CB203A} = {60113213-EC53-4E5E-9A50-846AF9CB203A}
	EndProjectSection
EndProject
Project("{F184B08F-C81C-45F6-A57F-5ABD9991F28F}") = "BL", "BL\BL.vbproj", "{60113213-EC53-4E5E-9A50-846AF9CB203A}"
	ProjectSection(ProjectDependencies) = postProject
		{48BDBD2F-4796-4DCE-8736-1E9D9965F481} = {48BDBD2F-4796-4DCE-8736-1E9D9965F481}
	EndProjectSection
EndProject
Project("{F184B08F-C81C-45F6-A57F-5ABD9991F28F}") = "DB", "DB\DB.vbproj", "{48BDBD2F-4796-4DCE-8736-1E9D9965F481}"
EndProject
Project("{54435603-DBB4-11D2-8724-00A0C9A8B90C}") = "HOSPITALITY SETUP", "HOSPITALITY SETUP\HOSPITALITY SETUP.vdproj", "{70665BCB-4B3D-4144-9B6B-1C6DFA6B9795}"
EndProject
Global
	GlobalSection(SolutionConfigurationPlatforms) = preSolution
		Debug|Any CPU = Debug|Any CPU
		Release|Any CPU = Release|Any CPU
	EndGlobalSection
	GlobalSection(ProjectConfigurationPlatforms) = postSolution
		{3C2ABDF3-A63F-4984-A27A-F122590773BE}.Debug|Any CPU.ActiveCfg = Debug|Any CPU
		{3C2ABDF3-A63F-4984-A27A-F122590773BE}.Debug|Any CPU.Build.0 = Debug|Any CPU
		{3C2ABDF3-A63F-4984-A27A-F122590773BE}.Release|Any CPU.ActiveCfg = Release|Any CPU
		{3C2ABDF3-A63F-4984-A27A-F122590773BE}.Release|Any CPU.Build.0 = Release|Any CPU
		{60113213-EC53-4E5E-9A50-846AF9CB203A}.Debug|Any CPU.ActiveCfg = Debug|Any CPU
		{60113213-EC53-4E5E-9A50-846AF9CB203A}.Debug|Any CPU.Build.0 = Debug|Any CPU
		{60113213-EC53-4E5E-9A50-846AF9CB203A}.Release|Any CPU.ActiveCfg = Release|Any CPU
		{60113213-EC53-4E5E-9A50-846AF9CB203A}.Release|Any CPU.Build.0 = Release|Any CPU
		{48BDBD2F-4796-4DCE-8736-1E9D9965F481}.Debug|Any CPU.ActiveCfg = Debug|Any CPU
		{48BDBD2F-4796-4DCE-8736-1E9D9965F481}.Debug|Any CPU.Build.0 = Debug|Any CPU
		{48BDBD2F-4796-4DCE-8736-1E9D9965F481}.Release|Any CPU.ActiveCfg = Release|Any CPU
		{48BDBD2F-4796-4DCE-8736-1E9D9965F481}.Release|Any CPU.Build.0 = Release|Any CPU
		{70665BCB-4B3D-4144-9B6B-1C6DFA6B9795}.Debug|Any CPU.ActiveCfg = Debug
		{70665BCB-4B3D-4144-9B6B-1C6DFA6B9795}.Debug|Any CPU.Build.0 = Debug
		{70665BCB-4B3D-4144-9B6B-1C6DFA6B9795}.Release|Any CPU.ActiveCfg = Release
		{70665BCB-4B3D-4144-9B6B-1C6DFA6B9795}.Release|Any CPU.Build.0 = Release
	EndGlobalSection
	GlobalSection(SolutionProperties) = preSolution
		HideSolutionNode = FALSE
	EndGlobalSection
	GlobalSection(ExtensibilityGlobals) = postSolution
		SolutionGuid = {0FD29E3D-1613-4D7F-95C1-4F1F6F473B6E}
	EndGlobalSection
EndGlobal
